
Microsoft Visual Studio Solution File, Format Version 12.00
# Visual Studio Version 17
VisualStudioVersion = 17.9.34728.123
MinimumVisualStudioVersion = 10.0.40219.1
Project("{FAE04EC0-301F-11D3-BF4B-00C04F79EFBC}") = "convertExcel", "convertExcel.csproj", "{613CFE1A-4988-4A21-A3EC-D7060C08EFA0}"
EndProject
Global
	GlobalSection(SolutionConfigurationPlatforms) = preSolution
		Debug|Any CPU = Debug|Any CPU
		Release|Any CPU = Release|Any CPU
	EndGlobalSection
	GlobalSection(ProjectConfigurationPlatforms) = postSolution
		{613CFE1A-4988-4A21-A3EC-D7060C08EFA0}.Debug|Any CPU.ActiveCfg = Debug|Any CPU
		{613CFE1A-4988-4A21-A3EC-D7060C08EFA0}.Debug|Any CPU.Build.0 = Debug|Any CPU
		{613CFE1A-4988-4A21-A3EC-D7060C08EFA0}.Release|Any CPU.ActiveCfg = Release|Any CPU
		{613CFE1A-4988-4A21-A3EC-D7060C08EFA0}.Release|Any CPU.Build.0 = Release|Any CPU
	EndGlobalSection
	GlobalSection(SolutionProperties) = preSolution
		HideSolutionNode = FALSE
	EndGlobalSection
	GlobalSection(ExtensibilityGlobals) = postSolution
		SolutionGuid = {CF7A4F7B-CBDF-4F13-866F-D2D99877C70F}
	EndGlobalSection
EndGlobal
